# THIS IS AN AUTOGENERATED FILE. DO NOT EDIT THIS FILE DIRECTLY.
# yarn lockfile v1


axios@^0.21.1:
  version "0.21.1"
  resolved "https://registry.yarnpkg.com/axios/-/axios-0.21.1.tgz#22563481962f4d6bde9a76d516ef0e5d3c09b2b8"
  integrity sha512-dKQiRHxGD9PPRIUNIWvZhPTPpl1rf/OxTYKsqKUDjBwYylTvV7SjSHJb9ratfyzM6wCdLCOYLzs73qpg5c4iGA==
  dependencies:
    follow-redirects "^1.10.0"

babel-runtime@6.x.x:
  version "6.26.0"
  resolved "https://registry.yarnpkg.com/babel-runtime/-/babel-runtime-6.26.0.tgz#965c7058668e82b55d7bfe04ff2337bc8b5647fe"
  integrity sha1-llxwWGaOgrVde/4E/yM3vItWR/4=
  dependencies:
    core-js "^2.4.0"
    regenerator-runtime "^0.11.0"

cookie@^0.3.1:
  version "0.3.1"
  resolved "https://registry.yarnpkg.com/cookie/-/cookie-0.3.1.tgz#e7e0a1f9ef43b4c8ba925c5c5a96e806d16873bb"
  integrity sha1-5+Ch+e9DtMi6klxcWpboBtFoc7s=

core-js@^2.4.0:
  version "2.6.12"
  resolved "https://registry.yarnpkg.com/core-js/-/core-js-2.6.12.tgz#d9333dfa7b065e347cc5682219d6f690859cc2ec"
  integrity sha512-Kb2wC0fvsWfQrgk8HU5lW6U/Lcs8+9aaYcy4ZFc6DDlo4nZ7n70dEgE5rtR0oG6ufKDUnrwfWL1mXR5ljDatrQ==

django-react-csrftoken@^1.0.4:
  version "1.0.4"
  resolved "https://registry.yarnpkg.com/django-react-csrftoken/-/django-react-csrftoken-1.0.4.tgz#29996f79919c1730ad6df9e19bb6ff2caa85001a"
  integrity sha1-KZlveZGcFzCtbfnhm7b/LKqFABo=
  dependencies:
    babel-runtime "6.x.x"
    react-cookie "^0.4.8"
    react-dom-factories "^1.0.1"

follow-redirects@^1.10.0:
  version "1.13.1"
  resolved "https://registry.yarnpkg.com/follow-redirects/-/follow-redirects-1.13.1.tgz#5f69b813376cee4fd0474a3aba835df04ab763b7"
  integrity sha512-SSG5xmZh1mkPGyKzjZP8zLjltIfpW32Y5QpdNJyjcfGxK3qo3NDDkZOZSFiGn1A6SclQxY9GzEwAHQ3dmYRWpg==

react-cookie@^0.4.8:
  version "0.4.9"
  resolved "https://registry.yarnpkg.com/react-cookie/-/react-cookie-0.4.9.tgz#21a0fcc9c6265aa86bba6d174122acb3851b8736"
  integrity sha1-IaD8ycYmWqhrum0XQSKss4UbhzY=
  dependencies:
    cookie "^0.3.1"

react-dom-factories@^1.0.1:
  version "1.0.2"
  resolved "https://registry.yarnpkg.com/react-dom-factories/-/react-dom-factories-1.0.2.tgz#eb7705c4db36fb501b3aa38ff759616aa0ff96e0"
  integrity sha1-63cFxNs2+1AbOqOP91lhaqD/luA=

regenerator-runtime@^0.11.0:
  version "0.11.1"
  resolved "https://registry.yarnpkg.com/regenerator-runtime/-/regenerator-runtime-0.11.1.tgz#be05ad7f9bf7d22e056f9726cee5017fbf19e2e9"
  integrity sha512-MguG95oij0fC3QV3URf4V2SDYGJhJnJGqvIIgdECeODCT98wSWDAJ94SSuVpYQUoTcGUIL6L4yNB7j1DFFHSBg==
